
Microsoft Visual Studio Solution File, Format Version 11.00
# Visual Studio 2010
Project("{FAE04EC0-301F-11D3-BF4B-00C04F79EFBC}") = "(x86) Myre", "Myre\(x86) Myre.csproj", "{FDB5A9D8-9266-4F7B-BDE7-D4E720F5B45F}"
EndProject
Project("{FAE04EC0-301F-11D3-BF4B-00C04F79EFBC}") = "(x86) Myre.StateManagement", "Myre.StateManagement\(x86) Myre.StateManagement.csproj", "{630AEBBC-AF42-4700-A24F-F4B6FF8172F1}"
EndProject
Project("{FAE04EC0-301F-11D3-BF4B-00C04F79EFBC}") = "(x86) Myre.Entities", "Myre.Entities\(x86) Myre.Entities.csproj", "{5CDABE8C-7C9C-4163-8C85-FEA731088239}"
EndProject
Project("{FAE04EC0-301F-11D3-BF4B-00C04F79EFBC}") = "(x86) Myre.UI", "Myre.UI\(x86) Myre.UI.csproj", "{ADFDCC4A-8805-4BCA-9FBA-FB04920AFA33}"
EndProject
Project("{FAE04EC0-301F-11D3-BF4B-00C04F79EFBC}") = "(x86) Myre.Debugging", "Myre.Debugging\(x86) Myre.Debugging.csproj", "{F987DEC5-E12F-4566-A200-DE18D6044E21}"
EndProject
Project("{FAE04EC0-301F-11D3-BF4B-00C04F79EFBC}") = "(x86) Myre.Debugging.UI", "Myre.Debugging.UI\(x86) Myre.Debugging.UI.csproj", "{A753A526-F119-4913-AA45-252706E9C84B}"
EndProject
Project("{2150E333-8FDC-42A3-9474-1A3956D46DE8}") = "x86", "x86", "{51639AEF-1947-441F-AF85-62E9FE1C5F63}"
EndProject
Project("{FAE04EC0-301F-11D3-BF4B-00C04F79EFBC}") = "(x86) Myre.Graphics", "Myre.Graphics\(x86) Myre.Graphics.csproj", "{FC3D8E34-3333-42FB-9B47-3A273B1B50D8}"
EndProject
Project("{FAE04EC0-301F-11D3-BF4B-00C04F79EFBC}") = "Myre.Graphics.Pipeline", "Myre.Graphics.Pipeline\Myre.Graphics.Pipeline.csproj", "{65716E12-A629-449B-91A3-BF1A1ABEB56A}"
EndProject
Project("{FAE04EC0-301F-11D3-BF4B-00C04F79EFBC}") = "Myre.Graphics.Content", "Myre.Graphics.Content\Myre.Graphics.Content.contentproj", "{EC58850F-3960-426A-BE7D-7DFB67CB00A8}"
EndProject
Project("{2150E333-8FDC-42A3-9474-1A3956D46DE8}") = ".nuget", ".nuget", "{2CFE2013-33F1-413E-BD17-EA4943CEE620}"
	ProjectSection(SolutionItems) = preProject
		.nuget\NuGet.Config = .nuget\NuGet.Config
		.nuget\NuGet.exe = .nuget\NuGet.exe
		.nuget\NuGet.targets = .nuget\NuGet.targets
	EndProjectSection
EndProject
Project("{FAE04EC0-301F-11D3-BF4B-00C04F79EFBC}") = "ContentBuilderGame", "ContentBuilderGame\ContentBuilderGame\ContentBuilderGame.csproj", "{9530DD68-4817-49FB-A2C0-47BE640B7054}"
EndProject
Project("{FAE04EC0-301F-11D3-BF4B-00C04F79EFBC}") = "ContentBuilderGameContent", "ContentBuilderGame\ContentBuilderGameContent\ContentBuilderGameContent.contentproj", "{7C3C31EF-4DE9-4E55-9CE4-0062694CDAEC}"
EndProject
Global
	GlobalSection(TestCaseManagementSettings) = postSolution
		CategoryFile = Myre.vsmdi
	EndGlobalSection
	GlobalSection(SolutionConfigurationPlatforms) = preSolution
		Debug|Any CPU = Debug|Any CPU
		Debug|Mixed Platforms = Debug|Mixed Platforms
		Debug|Windows Phone = Debug|Windows Phone
		Debug|x86 = Debug|x86
		Debug|Xbox 360 = Debug|Xbox 360
		Profile|Any CPU = Profile|Any CPU
		Profile|Mixed Platforms = Profile|Mixed Platforms
		Profile|Windows Phone = Profile|Windows Phone
		Profile|x86 = Profile|x86
		Profile|Xbox 360 = Profile|Xbox 360
		Release|Any CPU = Release|Any CPU
		Release|Mixed Platforms = Release|Mixed Platforms
		Release|Windows Phone = Release|Windows Phone
		Release|x86 = Release|x86
		Release|Xbox 360 = Release|Xbox 360
	EndGlobalSection
	GlobalSection(ProjectConfigurationPlatforms) = postSolution
		{FDB5A9D8-9266-4F7B-BDE7-D4E720F5B45F}.Debug|Any CPU.ActiveCfg = Debug|x86
		{FDB5A9D8-9266-4F7B-BDE7-D4E720F5B45F}.Debug|Mixed Platforms.ActiveCfg = Debug|x86
		{FDB5A9D8-9266-4F7B-BDE7-D4E720F5B45F}.Debug|Mixed Platforms.Build.0 = Debug|x86
		{FDB5A9D8-9266-4F7B-BDE7-D4E720F5B45F}.Debug|Windows Phone.ActiveCfg = Debug|x86
		{FDB5A9D8-9266-4F7B-BDE7-D4E720F5B45F}.Debug|Windows Phone.Build.0 = Debug|x86
		{FDB5A9D8-9266-4F7B-BDE7-D4E720F5B45F}.Debug|x86.ActiveCfg = Debug|x86
		{FDB5A9D8-9266-4F7B-BDE7-D4E720F5B45F}.Debug|x86.Build.0 = Debug|x86
		{FDB5A9D8-9266-4F7B-BDE7-D4E720F5B45F}.Debug|Xbox 360.ActiveCfg = Debug|x86
		{FDB5A9D8-9266-4F7B-BDE7-D4E720F5B45F}.Debug|Xbox 360.Build.0 = Debug|x86
		{FDB5A9D8-9266-4F7B-BDE7-D4E720F5B45F}.Profile|Any CPU.ActiveCfg = Profile|x86
		{FDB5A9D8-9266-4F7B-BDE7-D4E720F5B45F}.Profile|Mixed Platforms.ActiveCfg = Profile|x86
		{FDB5A9D8-9266-4F7B-BDE7-D4E720F5B45F}.Profile|Mixed Platforms.Build.0 = Profile|x86
		{FDB5A9D8-9266-4F7B-BDE7-D4E720F5B45F}.Profile|Windows Phone.ActiveCfg = Profile|x86
		{FDB5A9D8-9266-4F7B-BDE7-D4E720F5B45F}.Profile|x86.ActiveCfg = Profile|x86
		{FDB5A9D8-9266-4F7B-BDE7-D4E720F5B45F}.Profile|x86.Build.0 = Profile|x86
		{FDB5A9D8-9266-4F7B-BDE7-D4E720F5B45F}.Profile|Xbox 360.ActiveCfg = Profile|x86
		{FDB5A9D8-9266-4F7B-BDE7-D4E720F5B45F}.Release|Any CPU.ActiveCfg = Release|x86
		{FDB5A9D8-9266-4F7B-BDE7-D4E720F5B45F}.Release|Any CPU.Build.0 = Release|x86
		{FDB5A9D8-9266-4F7B-BDE7-D4E720F5B45F}.Release|Mixed Platforms.ActiveCfg = Release|x86
		{FDB5A9D8-9266-4F7B-BDE7-D4E720F5B45F}.Release|Mixed Platforms.Build.0 = Release|x86
		{FDB5A9D8-9266-4F7B-BDE7-D4E720F5B45F}.Release|Windows Phone.ActiveCfg = Release|x86
		{FDB5A9D8-9266-4F7B-BDE7-D4E720F5B45F}.Release|Windows Phone.Build.0 = Release|x86
		{FDB5A9D8-9266-4F7B-BDE7-D4E720F5B45F}.Release|x86.ActiveCfg = Release|x86
		{FDB5A9D8-9266-4F7B-BDE7-D4E720F5B45F}.Release|x86.Build.0 = Release|x86
		{FDB5A9D8-9266-4F7B-BDE7-D4E720F5B45F}.Release|Xbox 360.ActiveCfg = Release|x86
		{FDB5A9D8-9266-4F7B-BDE7-D4E720F5B45F}.Release|Xbox 360.Build.0 = Release|x86
		{630AEBBC-AF42-4700-A24F-F4B6FF8172F1}.Debug|Any CPU.ActiveCfg = Debug|x86
		{630AEBBC-AF42-4700-A24F-F4B6FF8172F1}.Debug|Mixed Platforms.ActiveCfg = Debug|x86
		{630AEBBC-AF42-4700-A24F-F4B6FF8172F1}.Debug|Mixed Platforms.Build.0 = Debug|x86
		{630AEBBC-AF42-4700-A24F-F4B6FF8172F1}.Debug|Windows Phone.ActiveCfg = Debug|x86
		{630AEBBC-AF42-4700-A24F-F4B6FF8172F1}.Debug|Windows Phone.Build.0 = Debug|x86
		{630AEBBC-AF42-4700-A24F-F4B6FF8172F1}.Debug|x86.ActiveCfg = Debug|x86
		{630AEBBC-AF42-4700-A24F-F4B6FF8172F1}.Debug|x86.Build.0 = Debug|x86
		{630AEBBC-AF42-4700-A24F-F4B6FF8172F1}.Debug|Xbox 360.ActiveCfg = Debug|x86
		{630AEBBC-AF42-4700-A24F-F4B6FF8172F1}.Debug|Xbox 360.Build.0 = Debug|x86
		{630AEBBC-AF42-4700-A24F-F4B6FF8172F1}.Profile|Any CPU.ActiveCfg = Profile|x86
		{630AEBBC-AF42-4700-A24F-F4B6FF8172F1}.Profile|Mixed Platforms.ActiveCfg = Profile|x86
		{630AEBBC-AF42-4700-A24F-F4B6FF8172F1}.Profile|Mixed Platforms.Build.0 = Profile|x86
		{630AEBBC-AF42-4700-A24F-F4B6FF8172F1}.Profile|Windows Phone.ActiveCfg = Profile|x86
		{630AEBBC-AF42-4700-A24F-F4B6FF8172F1}.Profile|x86.ActiveCfg = Profile|x86
		{630AEBBC-AF42-4700-A24F-F4B6FF8172F1}.Profile|x86.Build.0 = Profile|x86
		{630AEBBC-AF42-4700-A24F-F4B6FF8172F1}.Profile|Xbox 360.ActiveCfg = Profile|x86
		{630AEBBC-AF42-4700-A24F-F4B6FF8172F1}.Release|Any CPU.ActiveCfg = Release|x86
		{630AEBBC-AF42-4700-A24F-F4B6FF8172F1}.Release|Any CPU.Build.0 = Release|x86
		{630AEBBC-AF42-4700-A24F-F4B6FF8172F1}.Release|Mixed Platforms.ActiveCfg = Release|x86
		{630AEBBC-AF42-4700-A24F-F4B6FF8172F1}.Release|Mixed Platforms.Build.0 = Release|x86
		{630AEBBC-AF42-4700-A24F-F4B6FF8172F1}.Release|Windows Phone.ActiveCfg = Release|x86
		{630AEBBC-AF42-4700-A24F-F4B6FF8172F1}.Release|Windows Phone.Build.0 = Release|x86
		{630AEBBC-AF42-4700-A24F-F4B6FF8172F1}.Release|x86.ActiveCfg = Release|x86
		{630AEBBC-AF42-4700-A24F-F4B6FF8172F1}.Release|x86.Build.0 = Release|x86
		{630AEBBC-AF42-4700-A24F-F4B6FF8172F1}.Release|Xbox 360.ActiveCfg = Release|x86
		{630AEBBC-AF42-4700-A24F-F4B6FF8172F1}.Release|Xbox 360.Build.0 = Release|x86
		{5CDABE8C-7C9C-4163-8C85-FEA731088239}.Debug|Any CPU.ActiveCfg = Debug|x86
		{5CDABE8C-7C9C-4163-8C85-FEA731088239}.Debug|Mixed Platforms.ActiveCfg = Debug|x86
		{5CDABE8C-7C9C-4163-8C85-FEA731088239}.Debug|Mixed Platforms.Build.0 = Debug|x86
		{5CDABE8C-7C9C-4163-8C85-FEA731088239}.Debug|Windows Phone.ActiveCfg = Debug|x86
		{5CDABE8C-7C9C-4163-8C85-FEA731088239}.Debug|Windows Phone.Build.0 = Debug|x86
		{5CDABE8C-7C9C-4163-8C85-FEA731088239}.Debug|x86.ActiveCfg = Debug|x86
		{5CDABE8C-7C9C-4163-8C85-FEA731088239}.Debug|x86.Build.0 = Debug|x86
		{5CDABE8C-7C9C-4163-8C85-FEA731088239}.Debug|Xbox 360.ActiveCfg = Debug|x86
		{5CDABE8C-7C9C-4163-8C85-FEA731088239}.Debug|Xbox 360.Build.0 = Debug|x86
		{5CDABE8C-7C9C-4163-8C85-FEA731088239}.Profile|Any CPU.ActiveCfg = Profile|x86
		{5CDABE8C-7C9C-4163-8C85-FEA731088239}.Profile|Mixed Platforms.ActiveCfg = Profile|x86
		{5CDABE8C-7C9C-4163-8C85-FEA731088239}.Profile|Mixed Platforms.Build.0 = Profile|x86
		{5CDABE8C-7C9C-4163-8C85-FEA731088239}.Profile|Windows Phone.ActiveCfg = Profile|x86
		{5CDABE8C-7C9C-4163-8C85-FEA731088239}.Profile|x86.ActiveCfg = Profile|x86
		{5CDABE8C-7C9C-4163-8C85-FEA731088239}.Profile|x86.Build.0 = Profile|x86
		{5CDABE8C-7C9C-4163-8C85-FEA731088239}.Profile|Xbox 360.ActiveCfg = Profile|x86
		{5CDABE8C-7C9C-4163-8C85-FEA731088239}.Release|Any CPU.ActiveCfg = Release|x86
		{5CDABE8C-7C9C-4163-8C85-FEA731088239}.Release|Any CPU.Build.0 = Release|x86
		{5CDABE8C-7C9C-4163-8C85-FEA731088239}.Release|Mixed Platforms.ActiveCfg = Release|x86
		{5CDABE8C-7C9C-4163-8C85-FEA731088239}.Release|Mixed Platforms.Build.0 = Release|x86
		{5CDABE8C-7C9C-4163-8C85-FEA731088239}.Release|Windows Phone.ActiveCfg = Release|x86
		{5CDABE8C-7C9C-4163-8C85-FEA731088239}.Release|Windows Phone.Build.0 = Release|x86
		{5CDABE8C-7C9C-4163-8C85-FEA731088239}.Release|x86.ActiveCfg = Release|x86
		{5CDABE8C-7C9C-4163-8C85-FEA731088239}.Release|x86.Build.0 = Release|x86
		{5CDABE8C-7C9C-4163-8C85-FEA731088239}.Release|Xbox 360.ActiveCfg = Release|x86
		{5CDABE8C-7C9C-4163-8C85-FEA731088239}.Release|Xbox 360.Build.0 = Release|x86
		{ADFDCC4A-8805-4BCA-9FBA-FB04920AFA33}.Debug|Any CPU.ActiveCfg = Debug|x86
		{ADFDCC4A-8805-4BCA-9FBA-FB04920AFA33}.Debug|Mixed Platforms.ActiveCfg = Debug|x86
		{ADFDCC4A-8805-4BCA-9FBA-FB04920AFA33}.Debug|Mixed Platforms.Build.0 = Debug|x86
		{ADFDCC4A-8805-4BCA-9FBA-FB04920AFA33}.Debug|Windows Phone.ActiveCfg = Debug|x86
		{ADFDCC4A-8805-4BCA-9FBA-FB04920AFA33}.Debug|Windows Phone.Build.0 = Debug|x86
		{ADFDCC4A-8805-4BCA-9FBA-FB04920AFA33}.Debug|x86.ActiveCfg = Debug|x86
		{ADFDCC4A-8805-4BCA-9FBA-FB04920AFA33}.Debug|x86.Build.0 = Debug|x86
		{ADFDCC4A-8805-4BCA-9FBA-FB04920AFA33}.Debug|Xbox 360.ActiveCfg = Debug|x86
		{ADFDCC4A-8805-4BCA-9FBA-FB04920AFA33}.Debug|Xbox 360.Build.0 = Debug|x86
		{ADFDCC4A-8805-4BCA-9FBA-FB04920AFA33}.Profile|Any CPU.ActiveCfg = Profile|x86
		{ADFDCC4A-8805-4BCA-9FBA-FB04920AFA33}.Profile|Mixed Platforms.ActiveCfg = Profile|x86
		{ADFDCC4A-8805-4BCA-9FBA-FB04920AFA33}.Profile|Mixed Platforms.Build.0 = Profile|x86
		{ADFDCC4A-8805-4BCA-9FBA-FB04920AFA33}.Profile|Windows Phone.ActiveCfg = Profile|x86
		{ADFDCC4A-8805-4BCA-9FBA-FB04920AFA33}.Profile|x86.ActiveCfg = Profile|x86
		{ADFDCC4A-8805-4BCA-9FBA-FB04920AFA33}.Profile|x86.Build.0 = Profile|x86
		{ADFDCC4A-8805-4BCA-9FBA-FB04920AFA33}.Profile|Xbox 360.ActiveCfg = Profile|x86
		{ADFDCC4A-8805-4BCA-9FBA-FB04920AFA33}.Release|Any CPU.ActiveCfg = Release|x86
		{ADFDCC4A-8805-4BCA-9FBA-FB04920AFA33}.Release|Any CPU.Build.0 = Release|x86
		{ADFDCC4A-8805-4BCA-9FBA-FB04920AFA33}.Release|Mixed Platforms.ActiveCfg = Release|x86
		{ADFDCC4A-8805-4BCA-9FBA-FB04920AFA33}.Release|Mixed Platforms.Build.0 = Release|x86
		{ADFDCC4A-8805-4BCA-9FBA-FB04920AFA33}.Release|Windows Phone.ActiveCfg = Release|x86
		{ADFDCC4A-8805-4BCA-9FBA-FB04920AFA33}.Release|Windows Phone.Build.0 = Release|x86
		{ADFDCC4A-8805-4BCA-9FBA-FB04920AFA33}.Release|x86.ActiveCfg = Release|x86
		{ADFDCC4A-8805-4BCA-9FBA-FB04920AFA33}.Release|x86.Build.0 = Release|x86
		{ADFDCC4A-8805-4BCA-9FBA-FB04920AFA33}.Release|Xbox 360.ActiveCfg = Release|x86
		{ADFDCC4A-8805-4BCA-9FBA-FB04920AFA33}.Release|Xbox 360.Build.0 = Release|x86
		{F987DEC5-E12F-4566-A200-DE18D6044E21}.Debug|Any CPU.ActiveCfg = Debug|x86
		{F987DEC5-E12F-4566-A200-DE18D6044E21}.Debug|Mixed Platforms.ActiveCfg = Debug|x86
		{F987DEC5-E12F-4566-A200-DE18D6044E21}.Debug|Mixed Platforms.Build.0 = Debug|x86
		{F987DEC5-E12F-4566-A200-DE18D6044E21}.Debug|Windows Phone.ActiveCfg = Debug|x86
		{F987DEC5-E12F-4566-A200-DE18D6044E21}.Debug|Windows Phone.Build.0 = Debug|x86
		{F987DEC5-E12F-4566-A200-DE18D6044E21}.Debug|x86.ActiveCfg = Debug|x86
		{F987DEC5-E12F-4566-A200-DE18D6044E21}.Debug|x86.Build.0 = Debug|x86
		{F987DEC5-E12F-4566-A200-DE18D6044E21}.Debug|Xbox 360.ActiveCfg = Debug|x86
		{F987DEC5-E12F-4566-A200-DE18D6044E21}.Debug|Xbox 360.Build.0 = Debug|x86
		{F987DEC5-E12F-4566-A200-DE18D6044E21}.Profile|Any CPU.ActiveCfg = Profile|x86
		{F987DEC5-E12F-4566-A200-DE18D6044E21}.Profile|Mixed Platforms.ActiveCfg = Profile|x86
		{F987DEC5-E12F-4566-A200-DE18D6044E21}.Profile|Mixed Platforms.Build.0 = Profile|x86
		{F987DEC5-E12F-4566-A200-DE18D6044E21}.Profile|Windows Phone.ActiveCfg = Profile|x86
		{F987DEC5-E12F-4566-A200-DE18D6044E21}.Profile|x86.ActiveCfg = Profile|x86
		{F987DEC5-E12F-4566-A200-DE18D6044E21}.Profile|x86.Build.0 = Profile|x86
		{F987DEC5-E12F-4566-A200-DE18D6044E21}.Profile|Xbox 360.ActiveCfg = Profile|x86
		{F987DEC5-E12F-4566-A200-DE18D6044E21}.Release|Any CPU.ActiveCfg = Release|x86
		{F987DEC5-E12F-4566-A200-DE18D6044E21}.Release|Any CPU.Build.0 = Release|x86
		{F987DEC5-E12F-4566-A200-DE18D6044E21}.Release|Mixed Platforms.ActiveCfg = Release|x86
		{F987DEC5-E12F-4566-A200-DE18D6044E21}.Release|Mixed Platforms.Build.0 = Release|x86
		{F987DEC5-E12F-4566-A200-DE18D6044E21}.Release|Windows Phone.ActiveCfg = Release|x86
		{F987DEC5-E12F-4566-A200-DE18D6044E21}.Release|Windows Phone.Build.0 = Release|x86
		{F987DEC5-E12F-4566-A200-DE18D6044E21}.Release|x86.ActiveCfg = Release|x86
		{F987DEC5-E12F-4566-A200-DE18D6044E21}.Release|x86.Build.0 = Release|x86
		{F987DEC5-E12F-4566-A200-DE18D6044E21}.Release|Xbox 360.ActiveCfg = Release|x86
		{F987DEC5-E12F-4566-A200-DE18D6044E21}.Release|Xbox 360.Build.0 = Release|x86
		{A753A526-F119-4913-AA45-252706E9C84B}.Debug|Any CPU.ActiveCfg = Debug|x86
		{A753A526-F119-4913-AA45-252706E9C84B}.Debug|Mixed Platforms.ActiveCfg = Debug|x86
		{A753A526-F119-4913-AA45-252706E9C84B}.Debug|Mixed Platforms.Build.0 = Debug|x86
		{A753A526-F119-4913-AA45-252706E9C84B}.Debug|Windows Phone.ActiveCfg = Debug|x86
		{A753A526-F119-4913-AA45-252706E9C84B}.Debug|Windows Phone.Build.0 = Debug|x86
		{A753A526-F119-4913-AA45-252706E9C84B}.Debug|x86.ActiveCfg = Debug|x86
		{A753A526-F119-4913-AA45-252706E9C84B}.Debug|x86.Build.0 = Debug|x86
		{A753A526-F119-4913-AA45-252706E9C84B}.Debug|Xbox 360.ActiveCfg = Debug|x86
		{A753A526-F119-4913-AA45-252706E9C84B}.Debug|Xbox 360.Build.0 = Debug|x86
		{A753A526-F119-4913-AA45-252706E9C84B}.Profile|Any CPU.ActiveCfg = Profile|x86
		{A753A526-F119-4913-AA45-252706E9C84B}.Profile|Mixed Platforms.ActiveCfg = Profile|x86
		{A753A526-F119-4913-AA45-252706E9C84B}.Profile|Mixed Platforms.Build.0 = Profile|x86
		{A753A526-F119-4913-AA45-252706E9C84B}.Profile|Windows Phone.ActiveCfg = Profile|x86
		{A753A526-F119-4913-AA45-252706E9C84B}.Profile|x86.ActiveCfg = Profile|x86
		{A753A526-F119-4913-AA45-252706E9C84B}.Profile|x86.Build.0 = Profile|x86
		{A753A526-F119-4913-AA45-252706E9C84B}.Profile|Xbox 360.ActiveCfg = Profile|x86
		{A753A526-F119-4913-AA45-252706E9C84B}.Release|Any CPU.ActiveCfg = Release|x86
		{A753A526-F119-4913-AA45-252706E9C84B}.Release|Any CPU.Build.0 = Release|x86
		{A753A526-F119-4913-AA45-252706E9C84B}.Release|Mixed Platforms.ActiveCfg = Release|x86
		{A753A526-F119-4913-AA45-252706E9C84B}.Release|Mixed Platforms.Build.0 = Release|x86
		{A753A526-F119-4913-AA45-252706E9C84B}.Release|Windows Phone.ActiveCfg = Release|x86
		{A753A526-F119-4913-AA45-252706E9C84B}.Release|Windows Phone.Build.0 = Release|x86
		{A753A526-F119-4913-AA45-252706E9C84B}.Release|x86.ActiveCfg = Release|x86
		{A753A526-F119-4913-AA45-252706E9C84B}.Release|x86.Build.0 = Release|x86
		{A753A526-F119-4913-AA45-252706E9C84B}.Release|Xbox 360.ActiveCfg = Release|x86
		{A753A526-F119-4913-AA45-252706E9C84B}.Release|Xbox 360.Build.0 = Release|x86
		{FC3D8E34-3333-42FB-9B47-3A273B1B50D8}.Debug|Any CPU.ActiveCfg = Debug|x86
		{FC3D8E34-3333-42FB-9B47-3A273B1B50D8}.Debug|Mixed Platforms.ActiveCfg = Debug|x86
		{FC3D8E34-3333-42FB-9B47-3A273B1B50D8}.Debug|Mixed Platforms.Build.0 = Debug|x86
		{FC3D8E34-3333-42FB-9B47-3A273B1B50D8}.Debug|Windows Phone.ActiveCfg = Debug|x86
		{FC3D8E34-3333-42FB-9B47-3A273B1B50D8}.Debug|Windows Phone.Build.0 = Debug|x86
		{FC3D8E34-3333-42FB-9B47-3A273B1B50D8}.Debug|x86.ActiveCfg = Debug|x86
		{FC3D8E34-3333-42FB-9B47-3A273B1B50D8}.Debug|x86.Build.0 = Debug|x86
		{FC3D8E34-3333-42FB-9B47-3A273B1B50D8}.Debug|Xbox 360.ActiveCfg = Debug|x86
		{FC3D8E34-3333-42FB-9B47-3A273B1B50D8}.Profile|Any CPU.ActiveCfg = Profile|x86
		{FC3D8E34-3333-42FB-9B47-3A273B1B50D8}.Profile|Mixed Platforms.ActiveCfg = Profile|x86
		{FC3D8E34-3333-42FB-9B47-3A273B1B50D8}.Profile|Mixed Platforms.Build.0 = Profile|x86
		{FC3D8E34-3333-42FB-9B47-3A273B1B50D8}.Profile|Windows Phone.ActiveCfg = Profile|x86
		{FC3D8E34-3333-42FB-9B47-3A273B1B50D8}.Profile|x86.ActiveCfg = Profile|x86
		{FC3D8E34-3333-42FB-9B47-3A273B1B50D8}.Profile|Xbox 360.ActiveCfg = Profile|x86
		{FC3D8E34-3333-42FB-9B47-3A273B1B50D8}.Release|Any CPU.ActiveCfg = Release|x86
		{FC3D8E34-3333-42FB-9B47-3A273B1B50D8}.Release|Any CPU.Build.0 = Release|x86
		{FC3D8E34-3333-42FB-9B47-3A273B1B50D8}.Release|Mixed Platforms.ActiveCfg = Release|x86
		{FC3D8E34-3333-42FB-9B47-3A273B1B50D8}.Release|Mixed Platforms.Build.0 = Release|x86
		{FC3D8E34-3333-42FB-9B47-3A273B1B50D8}.Release|Windows Phone.ActiveCfg = Release|x86
		{FC3D8E34-3333-42FB-9B47-3A273B1B50D8}.Release|x86.ActiveCfg = Release|x86
		{FC3D8E34-3333-42FB-9B47-3A273B1B50D8}.Release|x86.Build.0 = Release|x86
		{FC3D8E34-3333-42FB-9B47-3A273B1B50D8}.Release|Xbox 360.ActiveCfg = Release|x86
		{65716E12-A629-449B-91A3-BF1A1ABEB56A}.Debug|Any CPU.ActiveCfg = Debug|x86
		{65716E12-A629-449B-91A3-BF1A1ABEB56A}.Debug|Any CPU.Build.0 = Debug|x86
		{65716E12-A629-449B-91A3-BF1A1ABEB56A}.Debug|Mixed Platforms.ActiveCfg = Debug|x86
		{65716E12-A629-449B-91A3-BF1A1ABEB56A}.Debug|Mixed Platforms.Build.0 = Debug|x86
		{65716E12-A629-449B-91A3-BF1A1ABEB56A}.Debug|Windows Phone.ActiveCfg = Debug|x86
		{65716E12-A629-449B-91A3-BF1A1ABEB56A}.Debug|Windows Phone.Build.0 = Debug|x86
		{65716E12-A629-449B-91A3-BF1A1ABEB56A}.Debug|x86.ActiveCfg = Debug|x86
		{65716E12-A629-449B-91A3-BF1A1ABEB56A}.Debug|x86.Build.0 = Debug|x86
		{65716E12-A629-449B-91A3-BF1A1ABEB56A}.Debug|Xbox 360.ActiveCfg = Debug|x86
		{65716E12-A629-449B-91A3-BF1A1ABEB56A}.Debug|Xbox 360.Build.0 = Debug|x86
		{65716E12-A629-449B-91A3-BF1A1ABEB56A}.Profile|Any CPU.ActiveCfg = Debug|x86
		{65716E12-A629-449B-91A3-BF1A1ABEB56A}.Profile|Any CPU.Build.0 = Debug|x86
		{65716E12-A629-449B-91A3-BF1A1ABEB56A}.Profile|Mixed Platforms.ActiveCfg = Debug|x86
		{65716E12-A629-449B-91A3-BF1A1ABEB56A}.Profile|Mixed Platforms.Build.0 = Debug|x86
		{65716E12-A629-449B-91A3-BF1A1ABEB56A}.Profile|Windows Phone.ActiveCfg = Debug|x86
		{65716E12-A629-449B-91A3-BF1A1ABEB56A}.Profile|Windows Phone.Build.0 = Debug|x86
		{65716E12-A629-449B-91A3-BF1A1ABEB56A}.Profile|x86.ActiveCfg = Debug|x86
		{65716E12-A629-449B-91A3-BF1A1ABEB56A}.Profile|x86.Build.0 = Debug|x86
		{65716E12-A629-449B-91A3-BF1A1ABEB56A}.Profile|Xbox 360.ActiveCfg = Debug|x86
		{65716E12-A629-449B-91A3-BF1A1ABEB56A}.Profile|Xbox 360.Build.0 = Debug|x86
		{65716E12-A629-449B-91A3-BF1A1ABEB56A}.Release|Any CPU.ActiveCfg = Release|x86
		{65716E12-A629-449B-91A3-BF1A1ABEB56A}.Release|Any CPU.Build.0 = Release|x86
		{65716E12-A629-449B-91A3-BF1A1ABEB56A}.Release|Mixed Platforms.ActiveCfg = Debug|x86
		{65716E12-A629-449B-91A3-BF1A1ABEB56A}.Release|Mixed Platforms.Build.0 = Debug|x86
		{65716E12-A629-449B-91A3-BF1A1ABEB56A}.Release|Windows Phone.ActiveCfg = Debug|x86
		{65716E12-A629-449B-91A3-BF1A1ABEB56A}.Release|Windows Phone.Build.0 = Debug|x86
		{65716E12-A629-449B-91A3-BF1A1ABEB56A}.Release|x86.ActiveCfg = Release|x86
		{65716E12-A629-449B-91A3-BF1A1ABEB56A}.Release|x86.Build.0 = Release|x86
		{65716E12-A629-449B-91A3-BF1A1ABEB56A}.Release|Xbox 360.ActiveCfg = Debug|x86
		{65716E12-A629-449B-91A3-BF1A1ABEB56A}.Release|Xbox 360.Build.0 = Debug|x86
		{EC58850F-3960-426A-BE7D-7DFB67CB00A8}.Debug|Any CPU.ActiveCfg = Debug|Any CPU
		{EC58850F-3960-426A-BE7D-7DFB67CB00A8}.Debug|Mixed Platforms.ActiveCfg = Debug|Any CPU
		{EC58850F-3960-426A-BE7D-7DFB67CB00A8}.Debug|Windows Phone.ActiveCfg = Debug|Any CPU
		{EC58850F-3960-426A-BE7D-7DFB67CB00A8}.Debug|x86.ActiveCfg = Debug|Any CPU
		{EC58850F-3960-426A-BE7D-7DFB67CB00A8}.Debug|Xbox 360.ActiveCfg = Debug|Any CPU
		{EC58850F-3960-426A-BE7D-7DFB67CB00A8}.Profile|Any CPU.ActiveCfg = Debug|Any CPU
		{EC58850F-3960-426A-BE7D-7DFB67CB00A8}.Profile|Mixed Platforms.ActiveCfg = Debug|Any CPU
		{EC58850F-3960-426A-BE7D-7DFB67CB00A8}.Profile|Windows Phone.ActiveCfg = Debug|Any CPU
		{EC58850F-3960-426A-BE7D-7DFB67CB00A8}.Profile|x86.ActiveCfg = Debug|Any CPU
		{EC58850F-3960-426A-BE7D-7DFB67CB00A8}.Profile|Xbox 360.ActiveCfg = Debug|Any CPU
		{EC58850F-3960-426A-BE7D-7DFB67CB00A8}.Release|Any CPU.ActiveCfg = Debug|Any CPU
		{EC58850F-3960-426A-BE7D-7DFB67CB00A8}.Release|Mixed Platforms.ActiveCfg = Debug|Any CPU
		{EC58850F-3960-426A-BE7D-7DFB67CB00A8}.Release|Windows Phone.ActiveCfg = Debug|Any CPU
		{EC58850F-3960-426A-BE7D-7DFB67CB00A8}.Release|x86.ActiveCfg = Debug|Any CPU
		{EC58850F-3960-426A-BE7D-7DFB67CB00A8}.Release|Xbox 360.ActiveCfg = Debug|Any CPU
		{9530DD68-4817-49FB-A2C0-47BE640B7054}.Debug|Any CPU.ActiveCfg = Debug|x86
		{9530DD68-4817-49FB-A2C0-47BE640B7054}.Debug|Mixed Platforms.ActiveCfg = Debug|x86
		{9530DD68-4817-49FB-A2C0-47BE640B7054}.Debug|Mixed Platforms.Build.0 = Debug|x86
		{9530DD68-4817-49FB-A2C0-47BE640B7054}.Debug|Windows Phone.ActiveCfg = Debug|x86
		{9530DD68-4817-49FB-A2C0-47BE640B7054}.Debug|x86.ActiveCfg = Debug|x86
		{9530DD68-4817-49FB-A2C0-47BE640B7054}.Debug|x86.Build.0 = Debug|x86
		{9530DD68-4817-49FB-A2C0-47BE640B7054}.Debug|Xbox 360.ActiveCfg = Debug|x86
		{9530DD68-4817-49FB-A2C0-47BE640B7054}.Profile|Any CPU.ActiveCfg = Release|x86
		{9530DD68-4817-49FB-A2C0-47BE640B7054}.Profile|Mixed Platforms.ActiveCfg = Release|x86
		{9530DD68-4817-49FB-A2C0-47BE640B7054}.Profile|Mixed Platforms.Build.0 = Release|x86
		{9530DD68-4817-49FB-A2C0-47BE640B7054}.Profile|Windows Phone.ActiveCfg = Release|x86
		{9530DD68-4817-49FB-A2C0-47BE640B7054}.Profile|x86.ActiveCfg = Release|x86
		{9530DD68-4817-49FB-A2C0-47BE640B7054}.Profile|x86.Build.0 = Release|x86
		{9530DD68-4817-49FB-A2C0-47BE640B7054}.Profile|Xbox 360.ActiveCfg = Release|x86
		{9530DD68-4817-49FB-A2C0-47BE640B7054}.Release|Any CPU.ActiveCfg = Release|x86
		{9530DD68-4817-49FB-A2C0-47BE640B7054}.Release|Any CPU.Build.0 = Release|x86
		{9530DD68-4817-49FB-A2C0-47BE640B7054}.Release|Mixed Platforms.ActiveCfg = Release|x86
		{9530DD68-4817-49FB-A2C0-47BE640B7054}.Release|Mixed Platforms.Build.0 = Release|x86
		{9530DD68-4817-49FB-A2C0-47BE640B7054}.Release|Windows Phone.ActiveCfg = Release|x86
		{9530DD68-4817-49FB-A2C0-47BE640B7054}.Release|x86.ActiveCfg = Release|x86
		{9530DD68-4817-49FB-A2C0-47BE640B7054}.Release|x86.Build.0 = Release|x86
		{9530DD68-4817-49FB-A2C0-47BE640B7054}.Release|Xbox 360.ActiveCfg = Release|x86
		{7C3C31EF-4DE9-4E55-9CE4-0062694CDAEC}.Debug|Any CPU.ActiveCfg = Debug|x86
		{7C3C31EF-4DE9-4E55-9CE4-0062694CDAEC}.Debug|Mixed Platforms.ActiveCfg = Debug|x86
		{7C3C31EF-4DE9-4E55-9CE4-0062694CDAEC}.Debug|Windows Phone.ActiveCfg = Debug|x86
		{7C3C31EF-4DE9-4E55-9CE4-0062694CDAEC}.Debug|x86.ActiveCfg = Debug|x86
		{7C3C31EF-4DE9-4E55-9CE4-0062694CDAEC}.Debug|Xbox 360.ActiveCfg = Debug|x86
		{7C3C31EF-4DE9-4E55-9CE4-0062694CDAEC}.Profile|Any CPU.ActiveCfg = Release|x86
		{7C3C31EF-4DE9-4E55-9CE4-0062694CDAEC}.Profile|Mixed Platforms.ActiveCfg = Release|x86
		{7C3C31EF-4DE9-4E55-9CE4-0062694CDAEC}.Profile|Windows Phone.ActiveCfg = Release|x86
		{7C3C31EF-4DE9-4E55-9CE4-0062694CDAEC}.Profile|x86.ActiveCfg = Release|x86
		{7C3C31EF-4DE9-4E55-9CE4-0062694CDAEC}.Profile|Xbox 360.ActiveCfg = Release|x86
		{7C3C31EF-4DE9-4E55-9CE4-0062694CDAEC}.Release|Any CPU.ActiveCfg = Release|x86
		{7C3C31EF-4DE9-4E55-9CE4-0062694CDAEC}.Release|Mixed Platforms.ActiveCfg = Release|x86
		{7C3C31EF-4DE9-4E55-9CE4-0062694CDAEC}.Release|Windows Phone.ActiveCfg = Release|x86
		{7C3C31EF-4DE9-4E55-9CE4-0062694CDAEC}.Release|x86.ActiveCfg = Release|x86
		{7C3C31EF-4DE9-4E55-9CE4-0062694CDAEC}.Release|Xbox 360.ActiveCfg = Release|x86
	EndGlobalSection
	GlobalSection(SolutionProperties) = preSolution
		HideSolutionNode = FALSE
	EndGlobalSection
	GlobalSection(NestedProjects) = preSolution
		{630AEBBC-AF42-4700-A24F-F4B6FF8172F1} = {51639AEF-1947-441F-AF85-62E9FE1C5F63}
		{5CDABE8C-7C9C-4163-8C85-FEA731088239} = {51639AEF-1947-441F-AF85-62E9FE1C5F63}
		{ADFDCC4A-8805-4BCA-9FBA-FB04920AFA33} = {51639AEF-1947-441F-AF85-62E9FE1C5F63}
		{F987DEC5-E12F-4566-A200-DE18D6044E21} = {51639AEF-1947-441F-AF85-62E9FE1C5F63}
		{A753A526-F119-4913-AA45-252706E9C84B} = {51639AEF-1947-441F-AF85-62E9FE1C5F63}
		{FDB5A9D8-9266-4F7B-BDE7-D4E720F5B45F} = {51639AEF-1947-441F-AF85-62E9FE1C5F63}
		{FC3D8E34-3333-42FB-9B47-3A273B1B50D8} = {51639AEF-1947-441F-AF85-62E9FE1C5F63}
	EndGlobalSection
	GlobalSection(CodealikeProperties) = postSolution
		SolutionGuid = baae5246-fe01-4f58-b258-9992ddf2bf95
	EndGlobalSection
	GlobalSection(SubversionScc) = preSolution
		Svn-Managed = True
		Manager = AnkhSVN - Subversion Support for Visual Studio
	EndGlobalSection
EndGlobal
