
Microsoft Visual Studio Solution File, Format Version 12.00
# Visual Studio 2013
VisualStudioVersion = 12.0.40629.0
MinimumVisualStudioVersion = 10.0.40219.1
Project("{2150E333-8FDC-42A3-9474-1A3956D46DE8}") = "x86", "x86", "{51639AEF-1947-441F-AF85-62E9FE1C5F63}"
EndProject
Project("{FAE04EC0-301F-11D3-BF4B-00C04F79EFBC}") = "Myre.Graphics.Pipeline", "Myre.Graphics.Pipeline\Myre.Graphics.Pipeline.csproj", "{65716E12-A629-449B-91A3-BF1A1ABEB56A}"
EndProject
Project("{FAE04EC0-301F-11D3-BF4B-00C04F79EFBC}") = "Myre.Graphics.Content", "Myre.Graphics.Content\Myre.Graphics.Content.contentproj", "{EC58850F-3960-426A-BE7D-7DFB67CB00A8}"
EndProject
Project("{2150E333-8FDC-42A3-9474-1A3956D46DE8}") = ".nuget", ".nuget", "{2CFE2013-33F1-413E-BD17-EA4943CEE620}"
	ProjectSection(SolutionItems) = preProject
		.nuget\NuGet.Config = .nuget\NuGet.Config
		.nuget\NuGet.exe = .nuget\NuGet.exe
		.nuget\NuGet.targets = .nuget\NuGet.targets
	EndProjectSection
EndProject
Project("{FAE04EC0-301F-11D3-BF4B-00C04F79EFBC}") = "ContentBuilderGame", "ContentBuilderGame\ContentBuilderGame\ContentBuilderGame.csproj", "{9530DD68-4817-49FB-A2C0-47BE640B7054}"
EndProject
Project("{FAE04EC0-301F-11D3-BF4B-00C04F79EFBC}") = "ContentBuilderGameContent", "ContentBuilderGame\ContentBuilderGameContent\ContentBuilderGameContent.contentproj", "{7C3C31EF-4DE9-4E55-9CE4-0062694CDAEC}"
EndProject
Project("{FAE04EC0-301F-11D3-BF4B-00C04F79EFBC}") = "Myre", "Myre\Myre.csproj", "{150B5101-1046-43E9-9FD0-A2DDD33C352F}"
EndProject
Project("{FAE04EC0-301F-11D3-BF4B-00C04F79EFBC}") = "Myre.Debugging", "Myre.Debugging\Myre.Debugging.csproj", "{830B5721-1E84-4F33-BEAC-4B4D12E795E1}"
EndProject
Project("{FAE04EC0-301F-11D3-BF4B-00C04F79EFBC}") = "Myre.UI", "Myre.UI\Myre.UI.csproj", "{56FA6D49-E949-4A90-A5EA-ED48805CBA92}"
EndProject
Project("{FAE04EC0-301F-11D3-BF4B-00C04F79EFBC}") = "Myre.Debugging.UI", "Myre.Debugging.UI\Myre.Debugging.UI.csproj", "{68EB6894-B0FF-4EF9-86C4-B68A4B2F36EE}"
EndProject
Project("{FAE04EC0-301F-11D3-BF4B-00C04F79EFBC}") = "Myre.StateManagement", "Myre.StateManagement\Myre.StateManagement.csproj", "{D5F5E582-23DB-4A14-BAB7-33FAF6C45F8D}"
EndProject
Project("{FAE04EC0-301F-11D3-BF4B-00C04F79EFBC}") = "Myre.Entities", "Myre.Entities\Myre.Entities.csproj", "{F287DE39-958B-4483-8823-2FAA8B26FFE7}"
EndProject
Project("{FAE04EC0-301F-11D3-BF4B-00C04F79EFBC}") = "Myre.Graphics", "Myre.Graphics\Myre.Graphics.csproj", "{89D13FE0-8194-4535-B77D-083DA938A1AF}"
EndProject
Global
	GlobalSection(SolutionConfigurationPlatforms) = preSolution
		Debug|Any CPU = Debug|Any CPU
		Debug|Mixed Platforms = Debug|Mixed Platforms
		Debug|Windows Phone = Debug|Windows Phone
		Debug|x86 = Debug|x86
		Debug|Xbox 360 = Debug|Xbox 360
		Profile|Any CPU = Profile|Any CPU
		Profile|Mixed Platforms = Profile|Mixed Platforms
		Profile|Windows Phone = Profile|Windows Phone
		Profile|x86 = Profile|x86
		Profile|Xbox 360 = Profile|Xbox 360
		Release|Any CPU = Release|Any CPU
		Release|Mixed Platforms = Release|Mixed Platforms
		Release|Windows Phone = Release|Windows Phone
		Release|x86 = Release|x86
		Release|Xbox 360 = Release|Xbox 360
	EndGlobalSection
	GlobalSection(ProjectConfigurationPlatforms) = postSolution
		{65716E12-A629-449B-91A3-BF1A1ABEB56A}.Debug|Any CPU.ActiveCfg = Debug|x86
		{65716E12-A629-449B-91A3-BF1A1ABEB56A}.Debug|Any CPU.Build.0 = Debug|x86
		{65716E12-A629-449B-91A3-BF1A1ABEB56A}.Debug|Mixed Platforms.ActiveCfg = Debug|x86
		{65716E12-A629-449B-91A3-BF1A1ABEB56A}.Debug|Mixed Platforms.Build.0 = Debug|x86
		{65716E12-A629-449B-91A3-BF1A1ABEB56A}.Debug|Windows Phone.ActiveCfg = Debug|x86
		{65716E12-A629-449B-91A3-BF1A1ABEB56A}.Debug|Windows Phone.Build.0 = Debug|x86
		{65716E12-A629-449B-91A3-BF1A1ABEB56A}.Debug|x86.ActiveCfg = Debug|x86
		{65716E12-A629-449B-91A3-BF1A1ABEB56A}.Debug|x86.Build.0 = Debug|x86
		{65716E12-A629-449B-91A3-BF1A1ABEB56A}.Debug|Xbox 360.ActiveCfg = Debug|x86
		{65716E12-A629-449B-91A3-BF1A1ABEB56A}.Debug|Xbox 360.Build.0 = Debug|x86
		{65716E12-A629-449B-91A3-BF1A1ABEB56A}.Profile|Any CPU.ActiveCfg = Debug|x86
		{65716E12-A629-449B-91A3-BF1A1ABEB56A}.Profile|Any CPU.Build.0 = Debug|x86
		{65716E12-A629-449B-91A3-BF1A1ABEB56A}.Profile|Mixed Platforms.ActiveCfg = Debug|x86
		{65716E12-A629-449B-91A3-BF1A1ABEB56A}.Profile|Mixed Platforms.Build.0 = Debug|x86
		{65716E12-A629-449B-91A3-BF1A1ABEB56A}.Profile|Windows Phone.ActiveCfg = Debug|x86
		{65716E12-A629-449B-91A3-BF1A1ABEB56A}.Profile|Windows Phone.Build.0 = Debug|x86
		{65716E12-A629-449B-91A3-BF1A1ABEB56A}.Profile|x86.ActiveCfg = Debug|x86
		{65716E12-A629-449B-91A3-BF1A1ABEB56A}.Profile|x86.Build.0 = Debug|x86
		{65716E12-A629-449B-91A3-BF1A1ABEB56A}.Profile|Xbox 360.ActiveCfg = Debug|x86
		{65716E12-A629-449B-91A3-BF1A1ABEB56A}.Profile|Xbox 360.Build.0 = Debug|x86
		{65716E12-A629-449B-91A3-BF1A1ABEB56A}.Release|Any CPU.ActiveCfg = Release|x86
		{65716E12-A629-449B-91A3-BF1A1ABEB56A}.Release|Any CPU.Build.0 = Release|x86
		{65716E12-A629-449B-91A3-BF1A1ABEB56A}.Release|Mixed Platforms.ActiveCfg = Debug|x86
		{65716E12-A629-449B-91A3-BF1A1ABEB56A}.Release|Mixed Platforms.Build.0 = Debug|x86
		{65716E12-A629-449B-91A3-BF1A1ABEB56A}.Release|Windows Phone.ActiveCfg = Debug|x86
		{65716E12-A629-449B-91A3-BF1A1ABEB56A}.Release|Windows Phone.Build.0 = Debug|x86
		{65716E12-A629-449B-91A3-BF1A1ABEB56A}.Release|x86.ActiveCfg = Release|x86
		{65716E12-A629-449B-91A3-BF1A1ABEB56A}.Release|x86.Build.0 = Release|x86
		{65716E12-A629-449B-91A3-BF1A1ABEB56A}.Release|Xbox 360.ActiveCfg = Debug|x86
		{65716E12-A629-449B-91A3-BF1A1ABEB56A}.Release|Xbox 360.Build.0 = Debug|x86
		{EC58850F-3960-426A-BE7D-7DFB67CB00A8}.Debug|Any CPU.ActiveCfg = Debug|Any CPU
		{EC58850F-3960-426A-BE7D-7DFB67CB00A8}.Debug|Mixed Platforms.ActiveCfg = Debug|Any CPU
		{EC58850F-3960-426A-BE7D-7DFB67CB00A8}.Debug|Windows Phone.ActiveCfg = Debug|Any CPU
		{EC58850F-3960-426A-BE7D-7DFB67CB00A8}.Debug|x86.ActiveCfg = Debug|Any CPU
		{EC58850F-3960-426A-BE7D-7DFB67CB00A8}.Debug|Xbox 360.ActiveCfg = Debug|Any CPU
		{EC58850F-3960-426A-BE7D-7DFB67CB00A8}.Profile|Any CPU.ActiveCfg = Debug|Any CPU
		{EC58850F-3960-426A-BE7D-7DFB67CB00A8}.Profile|Mixed Platforms.ActiveCfg = Debug|Any CPU
		{EC58850F-3960-426A-BE7D-7DFB67CB00A8}.Profile|Windows Phone.ActiveCfg = Debug|Any CPU
		{EC58850F-3960-426A-BE7D-7DFB67CB00A8}.Profile|x86.ActiveCfg = Debug|Any CPU
		{EC58850F-3960-426A-BE7D-7DFB67CB00A8}.Profile|Xbox 360.ActiveCfg = Debug|Any CPU
		{EC58850F-3960-426A-BE7D-7DFB67CB00A8}.Release|Any CPU.ActiveCfg = Debug|Any CPU
		{EC58850F-3960-426A-BE7D-7DFB67CB00A8}.Release|Mixed Platforms.ActiveCfg = Debug|Any CPU
		{EC58850F-3960-426A-BE7D-7DFB67CB00A8}.Release|Windows Phone.ActiveCfg = Debug|Any CPU
		{EC58850F-3960-426A-BE7D-7DFB67CB00A8}.Release|x86.ActiveCfg = Debug|Any CPU
		{EC58850F-3960-426A-BE7D-7DFB67CB00A8}.Release|Xbox 360.ActiveCfg = Debug|Any CPU
		{9530DD68-4817-49FB-A2C0-47BE640B7054}.Debug|Any CPU.ActiveCfg = Debug|x86
		{9530DD68-4817-49FB-A2C0-47BE640B7054}.Debug|Mixed Platforms.ActiveCfg = Debug|x86
		{9530DD68-4817-49FB-A2C0-47BE640B7054}.Debug|Mixed Platforms.Build.0 = Debug|x86
		{9530DD68-4817-49FB-A2C0-47BE640B7054}.Debug|Windows Phone.ActiveCfg = Debug|x86
		{9530DD68-4817-49FB-A2C0-47BE640B7054}.Debug|x86.ActiveCfg = Debug|x86
		{9530DD68-4817-49FB-A2C0-47BE640B7054}.Debug|x86.Build.0 = Debug|x86
		{9530DD68-4817-49FB-A2C0-47BE640B7054}.Debug|Xbox 360.ActiveCfg = Debug|x86
		{9530DD68-4817-49FB-A2C0-47BE640B7054}.Profile|Any CPU.ActiveCfg = Release|x86
		{9530DD68-4817-49FB-A2C0-47BE640B7054}.Profile|Mixed Platforms.ActiveCfg = Release|x86
		{9530DD68-4817-49FB-A2C0-47BE640B7054}.Profile|Mixed Platforms.Build.0 = Release|x86
		{9530DD68-4817-49FB-A2C0-47BE640B7054}.Profile|Windows Phone.ActiveCfg = Release|x86
		{9530DD68-4817-49FB-A2C0-47BE640B7054}.Profile|x86.ActiveCfg = Release|x86
		{9530DD68-4817-49FB-A2C0-47BE640B7054}.Profile|x86.Build.0 = Release|x86
		{9530DD68-4817-49FB-A2C0-47BE640B7054}.Profile|Xbox 360.ActiveCfg = Release|x86
		{9530DD68-4817-49FB-A2C0-47BE640B7054}.Release|Any CPU.ActiveCfg = Release|x86
		{9530DD68-4817-49FB-A2C0-47BE640B7054}.Release|Any CPU.Build.0 = Release|x86
		{9530DD68-4817-49FB-A2C0-47BE640B7054}.Release|Mixed Platforms.ActiveCfg = Release|x86
		{9530DD68-4817-49FB-A2C0-47BE640B7054}.Release|Mixed Platforms.Build.0 = Release|x86
		{9530DD68-4817-49FB-A2C0-47BE640B7054}.Release|Windows Phone.ActiveCfg = Release|x86
		{9530DD68-4817-49FB-A2C0-47BE640B7054}.Release|x86.ActiveCfg = Release|x86
		{9530DD68-4817-49FB-A2C0-47BE640B7054}.Release|x86.Build.0 = Release|x86
		{9530DD68-4817-49FB-A2C0-47BE640B7054}.Release|Xbox 360.ActiveCfg = Release|x86
		{7C3C31EF-4DE9-4E55-9CE4-0062694CDAEC}.Debug|Any CPU.ActiveCfg = Debug|x86
		{7C3C31EF-4DE9-4E55-9CE4-0062694CDAEC}.Debug|Mixed Platforms.ActiveCfg = Debug|x86
		{7C3C31EF-4DE9-4E55-9CE4-0062694CDAEC}.Debug|Windows Phone.ActiveCfg = Debug|x86
		{7C3C31EF-4DE9-4E55-9CE4-0062694CDAEC}.Debug|x86.ActiveCfg = Debug|x86
		{7C3C31EF-4DE9-4E55-9CE4-0062694CDAEC}.Debug|Xbox 360.ActiveCfg = Debug|x86
		{7C3C31EF-4DE9-4E55-9CE4-0062694CDAEC}.Profile|Any CPU.ActiveCfg = Release|x86
		{7C3C31EF-4DE9-4E55-9CE4-0062694CDAEC}.Profile|Mixed Platforms.ActiveCfg = Release|x86
		{7C3C31EF-4DE9-4E55-9CE4-0062694CDAEC}.Profile|Windows Phone.ActiveCfg = Release|x86
		{7C3C31EF-4DE9-4E55-9CE4-0062694CDAEC}.Profile|x86.ActiveCfg = Release|x86
		{7C3C31EF-4DE9-4E55-9CE4-0062694CDAEC}.Profile|Xbox 360.ActiveCfg = Release|x86
		{7C3C31EF-4DE9-4E55-9CE4-0062694CDAEC}.Release|Any CPU.ActiveCfg = Release|x86
		{7C3C31EF-4DE9-4E55-9CE4-0062694CDAEC}.Release|Mixed Platforms.ActiveCfg = Release|x86
		{7C3C31EF-4DE9-4E55-9CE4-0062694CDAEC}.Release|Windows Phone.ActiveCfg = Release|x86
		{7C3C31EF-4DE9-4E55-9CE4-0062694CDAEC}.Release|x86.ActiveCfg = Release|x86
		{7C3C31EF-4DE9-4E55-9CE4-0062694CDAEC}.Release|Xbox 360.ActiveCfg = Release|x86
		{150B5101-1046-43E9-9FD0-A2DDD33C352F}.Debug|Any CPU.ActiveCfg = Debug|Any CPU
		{150B5101-1046-43E9-9FD0-A2DDD33C352F}.Debug|Any CPU.Build.0 = Debug|Any CPU
		{150B5101-1046-43E9-9FD0-A2DDD33C352F}.Debug|Mixed Platforms.ActiveCfg = Debug|Any CPU
		{150B5101-1046-43E9-9FD0-A2DDD33C352F}.Debug|Mixed Platforms.Build.0 = Debug|Any CPU
		{150B5101-1046-43E9-9FD0-A2DDD33C352F}.Debug|Windows Phone.ActiveCfg = Debug|Any CPU
		{150B5101-1046-43E9-9FD0-A2DDD33C352F}.Debug|x86.ActiveCfg = Debug|Any CPU
		{150B5101-1046-43E9-9FD0-A2DDD33C352F}.Debug|Xbox 360.ActiveCfg = Debug|Any CPU
		{150B5101-1046-43E9-9FD0-A2DDD33C352F}.Profile|Any CPU.ActiveCfg = Release|Any CPU
		{150B5101-1046-43E9-9FD0-A2DDD33C352F}.Profile|Any CPU.Build.0 = Release|Any CPU
		{150B5101-1046-43E9-9FD0-A2DDD33C352F}.Profile|Mixed Platforms.ActiveCfg = Release|Any CPU
		{150B5101-1046-43E9-9FD0-A2DDD33C352F}.Profile|Mixed Platforms.Build.0 = Release|Any CPU
		{150B5101-1046-43E9-9FD0-A2DDD33C352F}.Profile|Windows Phone.ActiveCfg = Release|Any CPU
		{150B5101-1046-43E9-9FD0-A2DDD33C352F}.Profile|x86.ActiveCfg = Release|Any CPU
		{150B5101-1046-43E9-9FD0-A2DDD33C352F}.Profile|Xbox 360.ActiveCfg = Release|Any CPU
		{150B5101-1046-43E9-9FD0-A2DDD33C352F}.Release|Any CPU.ActiveCfg = Release|Any CPU
		{150B5101-1046-43E9-9FD0-A2DDD33C352F}.Release|Any CPU.Build.0 = Release|Any CPU
		{150B5101-1046-43E9-9FD0-A2DDD33C352F}.Release|Mixed Platforms.ActiveCfg = Release|Any CPU
		{150B5101-1046-43E9-9FD0-A2DDD33C352F}.Release|Mixed Platforms.Build.0 = Release|Any CPU
		{150B5101-1046-43E9-9FD0-A2DDD33C352F}.Release|Windows Phone.ActiveCfg = Release|Any CPU
		{150B5101-1046-43E9-9FD0-A2DDD33C352F}.Release|x86.ActiveCfg = Release|Any CPU
		{150B5101-1046-43E9-9FD0-A2DDD33C352F}.Release|Xbox 360.ActiveCfg = Release|Any CPU
		{830B5721-1E84-4F33-BEAC-4B4D12E795E1}.Debug|Any CPU.ActiveCfg = Debug|Any CPU
		{830B5721-1E84-4F33-BEAC-4B4D12E795E1}.Debug|Any CPU.Build.0 = Debug|Any CPU
		{830B5721-1E84-4F33-BEAC-4B4D12E795E1}.Debug|Mixed Platforms.ActiveCfg = Debug|Any CPU
		{830B5721-1E84-4F33-BEAC-4B4D12E795E1}.Debug|Mixed Platforms.Build.0 = Debug|Any CPU
		{830B5721-1E84-4F33-BEAC-4B4D12E795E1}.Debug|Windows Phone.ActiveCfg = Debug|Any CPU
		{830B5721-1E84-4F33-BEAC-4B4D12E795E1}.Debug|x86.ActiveCfg = Debug|Any CPU
		{830B5721-1E84-4F33-BEAC-4B4D12E795E1}.Debug|Xbox 360.ActiveCfg = Debug|Any CPU
		{830B5721-1E84-4F33-BEAC-4B4D12E795E1}.Profile|Any CPU.ActiveCfg = Release|Any CPU
		{830B5721-1E84-4F33-BEAC-4B4D12E795E1}.Profile|Any CPU.Build.0 = Release|Any CPU
		{830B5721-1E84-4F33-BEAC-4B4D12E795E1}.Profile|Mixed Platforms.ActiveCfg = Release|Any CPU
		{830B5721-1E84-4F33-BEAC-4B4D12E795E1}.Profile|Mixed Platforms.Build.0 = Release|Any CPU
		{830B5721-1E84-4F33-BEAC-4B4D12E795E1}.Profile|Windows Phone.ActiveCfg = Release|Any CPU
		{830B5721-1E84-4F33-BEAC-4B4D12E795E1}.Profile|x86.ActiveCfg = Release|Any CPU
		{830B5721-1E84-4F33-BEAC-4B4D12E795E1}.Profile|Xbox 360.ActiveCfg = Release|Any CPU
		{830B5721-1E84-4F33-BEAC-4B4D12E795E1}.Release|Any CPU.ActiveCfg = Release|Any CPU
		{830B5721-1E84-4F33-BEAC-4B4D12E795E1}.Release|Any CPU.Build.0 = Release|Any CPU
		{830B5721-1E84-4F33-BEAC-4B4D12E795E1}.Release|Mixed Platforms.ActiveCfg = Release|Any CPU
		{830B5721-1E84-4F33-BEAC-4B4D12E795E1}.Release|Mixed Platforms.Build.0 = Release|Any CPU
		{830B5721-1E84-4F33-BEAC-4B4D12E795E1}.Release|Windows Phone.ActiveCfg = Release|Any CPU
		{830B5721-1E84-4F33-BEAC-4B4D12E795E1}.Release|x86.ActiveCfg = Release|Any CPU
		{830B5721-1E84-4F33-BEAC-4B4D12E795E1}.Release|Xbox 360.ActiveCfg = Release|Any CPU
		{56FA6D49-E949-4A90-A5EA-ED48805CBA92}.Debug|Any CPU.ActiveCfg = Debug|Any CPU
		{56FA6D49-E949-4A90-A5EA-ED48805CBA92}.Debug|Any CPU.Build.0 = Debug|Any CPU
		{56FA6D49-E949-4A90-A5EA-ED48805CBA92}.Debug|Mixed Platforms.ActiveCfg = Debug|Any CPU
		{56FA6D49-E949-4A90-A5EA-ED48805CBA92}.Debug|Mixed Platforms.Build.0 = Debug|Any CPU
		{56FA6D49-E949-4A90-A5EA-ED48805CBA92}.Debug|Windows Phone.ActiveCfg = Debug|Any CPU
		{56FA6D49-E949-4A90-A5EA-ED48805CBA92}.Debug|x86.ActiveCfg = Debug|Any CPU
		{56FA6D49-E949-4A90-A5EA-ED48805CBA92}.Debug|Xbox 360.ActiveCfg = Debug|Any CPU
		{56FA6D49-E949-4A90-A5EA-ED48805CBA92}.Profile|Any CPU.ActiveCfg = Release|Any CPU
		{56FA6D49-E949-4A90-A5EA-ED48805CBA92}.Profile|Any CPU.Build.0 = Release|Any CPU
		{56FA6D49-E949-4A90-A5EA-ED48805CBA92}.Profile|Mixed Platforms.ActiveCfg = Release|Any CPU
		{56FA6D49-E949-4A90-A5EA-ED48805CBA92}.Profile|Mixed Platforms.Build.0 = Release|Any CPU
		{56FA6D49-E949-4A90-A5EA-ED48805CBA92}.Profile|Windows Phone.ActiveCfg = Release|Any CPU
		{56FA6D49-E949-4A90-A5EA-ED48805CBA92}.Profile|x86.ActiveCfg = Release|Any CPU
		{56FA6D49-E949-4A90-A5EA-ED48805CBA92}.Profile|Xbox 360.ActiveCfg = Release|Any CPU
		{56FA6D49-E949-4A90-A5EA-ED48805CBA92}.Release|Any CPU.ActiveCfg = Release|Any CPU
		{56FA6D49-E949-4A90-A5EA-ED48805CBA92}.Release|Any CPU.Build.0 = Release|Any CPU
		{56FA6D49-E949-4A90-A5EA-ED48805CBA92}.Release|Mixed Platforms.ActiveCfg = Release|Any CPU
		{56FA6D49-E949-4A90-A5EA-ED48805CBA92}.Release|Mixed Platforms.Build.0 = Release|Any CPU
		{56FA6D49-E949-4A90-A5EA-ED48805CBA92}.Release|Windows Phone.ActiveCfg = Release|Any CPU
		{56FA6D49-E949-4A90-A5EA-ED48805CBA92}.Release|x86.ActiveCfg = Release|Any CPU
		{56FA6D49-E949-4A90-A5EA-ED48805CBA92}.Release|Xbox 360.ActiveCfg = Release|Any CPU
		{68EB6894-B0FF-4EF9-86C4-B68A4B2F36EE}.Debug|Any CPU.ActiveCfg = Debug|Any CPU
		{68EB6894-B0FF-4EF9-86C4-B68A4B2F36EE}.Debug|Any CPU.Build.0 = Debug|Any CPU
		{68EB6894-B0FF-4EF9-86C4-B68A4B2F36EE}.Debug|Mixed Platforms.ActiveCfg = Debug|Any CPU
		{68EB6894-B0FF-4EF9-86C4-B68A4B2F36EE}.Debug|Mixed Platforms.Build.0 = Debug|Any CPU
		{68EB6894-B0FF-4EF9-86C4-B68A4B2F36EE}.Debug|Windows Phone.ActiveCfg = Debug|Any CPU
		{68EB6894-B0FF-4EF9-86C4-B68A4B2F36EE}.Debug|x86.ActiveCfg = Debug|Any CPU
		{68EB6894-B0FF-4EF9-86C4-B68A4B2F36EE}.Debug|Xbox 360.ActiveCfg = Debug|Any CPU
		{68EB6894-B0FF-4EF9-86C4-B68A4B2F36EE}.Profile|Any CPU.ActiveCfg = Release|Any CPU
		{68EB6894-B0FF-4EF9-86C4-B68A4B2F36EE}.Profile|Any CPU.Build.0 = Release|Any CPU
		{68EB6894-B0FF-4EF9-86C4-B68A4B2F36EE}.Profile|Mixed Platforms.ActiveCfg = Release|Any CPU
		{68EB6894-B0FF-4EF9-86C4-B68A4B2F36EE}.Profile|Mixed Platforms.Build.0 = Release|Any CPU
		{68EB6894-B0FF-4EF9-86C4-B68A4B2F36EE}.Profile|Windows Phone.ActiveCfg = Release|Any CPU
		{68EB6894-B0FF-4EF9-86C4-B68A4B2F36EE}.Profile|x86.ActiveCfg = Release|Any CPU
		{68EB6894-B0FF-4EF9-86C4-B68A4B2F36EE}.Profile|Xbox 360.ActiveCfg = Release|Any CPU
		{68EB6894-B0FF-4EF9-86C4-B68A4B2F36EE}.Release|Any CPU.ActiveCfg = Release|Any CPU
		{68EB6894-B0FF-4EF9-86C4-B68A4B2F36EE}.Release|Any CPU.Build.0 = Release|Any CPU
		{68EB6894-B0FF-4EF9-86C4-B68A4B2F36EE}.Release|Mixed Platforms.ActiveCfg = Release|Any CPU
		{68EB6894-B0FF-4EF9-86C4-B68A4B2F36EE}.Release|Mixed Platforms.Build.0 = Release|Any CPU
		{68EB6894-B0FF-4EF9-86C4-B68A4B2F36EE}.Release|Windows Phone.ActiveCfg = Release|Any CPU
		{68EB6894-B0FF-4EF9-86C4-B68A4B2F36EE}.Release|x86.ActiveCfg = Release|Any CPU
		{68EB6894-B0FF-4EF9-86C4-B68A4B2F36EE}.Release|Xbox 360.ActiveCfg = Release|Any CPU
		{D5F5E582-23DB-4A14-BAB7-33FAF6C45F8D}.Debug|Any CPU.ActiveCfg = Debug|Any CPU
		{D5F5E582-23DB-4A14-BAB7-33FAF6C45F8D}.Debug|Any CPU.Build.0 = Debug|Any CPU
		{D5F5E582-23DB-4A14-BAB7-33FAF6C45F8D}.Debug|Mixed Platforms.ActiveCfg = Debug|Any CPU
		{D5F5E582-23DB-4A14-BAB7-33FAF6C45F8D}.Debug|Mixed Platforms.Build.0 = Debug|Any CPU
		{D5F5E582-23DB-4A14-BAB7-33FAF6C45F8D}.Debug|Windows Phone.ActiveCfg = Debug|Any CPU
		{D5F5E582-23DB-4A14-BAB7-33FAF6C45F8D}.Debug|x86.ActiveCfg = Debug|Any CPU
		{D5F5E582-23DB-4A14-BAB7-33FAF6C45F8D}.Debug|Xbox 360.ActiveCfg = Debug|Any CPU
		{D5F5E582-23DB-4A14-BAB7-33FAF6C45F8D}.Profile|Any CPU.ActiveCfg = Release|Any CPU
		{D5F5E582-23DB-4A14-BAB7-33FAF6C45F8D}.Profile|Any CPU.Build.0 = Release|Any CPU
		{D5F5E582-23DB-4A14-BAB7-33FAF6C45F8D}.Profile|Mixed Platforms.ActiveCfg = Release|Any CPU
		{D5F5E582-23DB-4A14-BAB7-33FAF6C45F8D}.Profile|Mixed Platforms.Build.0 = Release|Any CPU
		{D5F5E582-23DB-4A14-BAB7-33FAF6C45F8D}.Profile|Windows Phone.ActiveCfg = Release|Any CPU
		{D5F5E582-23DB-4A14-BAB7-33FAF6C45F8D}.Profile|x86.ActiveCfg = Release|Any CPU
		{D5F5E582-23DB-4A14-BAB7-33FAF6C45F8D}.Profile|Xbox 360.ActiveCfg = Release|Any CPU
		{D5F5E582-23DB-4A14-BAB7-33FAF6C45F8D}.Release|Any CPU.ActiveCfg = Release|Any CPU
		{D5F5E582-23DB-4A14-BAB7-33FAF6C45F8D}.Release|Any CPU.Build.0 = Release|Any CPU
		{D5F5E582-23DB-4A14-BAB7-33FAF6C45F8D}.Release|Mixed Platforms.ActiveCfg = Release|Any CPU
		{D5F5E582-23DB-4A14-BAB7-33FAF6C45F8D}.Release|Mixed Platforms.Build.0 = Release|Any CPU
		{D5F5E582-23DB-4A14-BAB7-33FAF6C45F8D}.Release|Windows Phone.ActiveCfg = Release|Any CPU
		{D5F5E582-23DB-4A14-BAB7-33FAF6C45F8D}.Release|x86.ActiveCfg = Release|Any CPU
		{D5F5E582-23DB-4A14-BAB7-33FAF6C45F8D}.Release|Xbox 360.ActiveCfg = Release|Any CPU
		{F287DE39-958B-4483-8823-2FAA8B26FFE7}.Debug|Any CPU.ActiveCfg = Debug|Any CPU
		{F287DE39-958B-4483-8823-2FAA8B26FFE7}.Debug|Any CPU.Build.0 = Debug|Any CPU
		{F287DE39-958B-4483-8823-2FAA8B26FFE7}.Debug|Mixed Platforms.ActiveCfg = Debug|Any CPU
		{F287DE39-958B-4483-8823-2FAA8B26FFE7}.Debug|Mixed Platforms.Build.0 = Debug|Any CPU
		{F287DE39-958B-4483-8823-2FAA8B26FFE7}.Debug|Windows Phone.ActiveCfg = Debug|Any CPU
		{F287DE39-958B-4483-8823-2FAA8B26FFE7}.Debug|x86.ActiveCfg = Debug|Any CPU
		{F287DE39-958B-4483-8823-2FAA8B26FFE7}.Debug|Xbox 360.ActiveCfg = Debug|Any CPU
		{F287DE39-958B-4483-8823-2FAA8B26FFE7}.Profile|Any CPU.ActiveCfg = Release|Any CPU
		{F287DE39-958B-4483-8823-2FAA8B26FFE7}.Profile|Any CPU.Build.0 = Release|Any CPU
		{F287DE39-958B-4483-8823-2FAA8B26FFE7}.Profile|Mixed Platforms.ActiveCfg = Release|Any CPU
		{F287DE39-958B-4483-8823-2FAA8B26FFE7}.Profile|Mixed Platforms.Build.0 = Release|Any CPU
		{F287DE39-958B-4483-8823-2FAA8B26FFE7}.Profile|Windows Phone.ActiveCfg = Release|Any CPU
		{F287DE39-958B-4483-8823-2FAA8B26FFE7}.Profile|x86.ActiveCfg = Release|Any CPU
		{F287DE39-958B-4483-8823-2FAA8B26FFE7}.Profile|Xbox 360.ActiveCfg = Release|Any CPU
		{F287DE39-958B-4483-8823-2FAA8B26FFE7}.Release|Any CPU.ActiveCfg = Release|Any CPU
		{F287DE39-958B-4483-8823-2FAA8B26FFE7}.Release|Any CPU.Build.0 = Release|Any CPU
		{F287DE39-958B-4483-8823-2FAA8B26FFE7}.Release|Mixed Platforms.ActiveCfg = Release|Any CPU
		{F287DE39-958B-4483-8823-2FAA8B26FFE7}.Release|Mixed Platforms.Build.0 = Release|Any CPU
		{F287DE39-958B-4483-8823-2FAA8B26FFE7}.Release|Windows Phone.ActiveCfg = Release|Any CPU
		{F287DE39-958B-4483-8823-2FAA8B26FFE7}.Release|x86.ActiveCfg = Release|Any CPU
		{F287DE39-958B-4483-8823-2FAA8B26FFE7}.Release|Xbox 360.ActiveCfg = Release|Any CPU
		{89D13FE0-8194-4535-B77D-083DA938A1AF}.Debug|Any CPU.ActiveCfg = Debug|Any CPU
		{89D13FE0-8194-4535-B77D-083DA938A1AF}.Debug|Any CPU.Build.0 = Debug|Any CPU
		{89D13FE0-8194-4535-B77D-083DA938A1AF}.Debug|Mixed Platforms.ActiveCfg = Debug|Any CPU
		{89D13FE0-8194-4535-B77D-083DA938A1AF}.Debug|Mixed Platforms.Build.0 = Debug|Any CPU
		{89D13FE0-8194-4535-B77D-083DA938A1AF}.Debug|Windows Phone.ActiveCfg = Debug|Any CPU
		{89D13FE0-8194-4535-B77D-083DA938A1AF}.Debug|x86.ActiveCfg = Debug|Any CPU
		{89D13FE0-8194-4535-B77D-083DA938A1AF}.Debug|Xbox 360.ActiveCfg = Debug|Any CPU
		{89D13FE0-8194-4535-B77D-083DA938A1AF}.Profile|Any CPU.ActiveCfg = Release|Any CPU
		{89D13FE0-8194-4535-B77D-083DA938A1AF}.Profile|Any CPU.Build.0 = Release|Any CPU
		{89D13FE0-8194-4535-B77D-083DA938A1AF}.Profile|Mixed Platforms.ActiveCfg = Release|Any CPU
		{89D13FE0-8194-4535-B77D-083DA938A1AF}.Profile|Mixed Platforms.Build.0 = Release|Any CPU
		{89D13FE0-8194-4535-B77D-083DA938A1AF}.Profile|Windows Phone.ActiveCfg = Release|Any CPU
		{89D13FE0-8194-4535-B77D-083DA938A1AF}.Profile|x86.ActiveCfg = Release|Any CPU
		{89D13FE0-8194-4535-B77D-083DA938A1AF}.Profile|Xbox 360.ActiveCfg = Release|Any CPU
		{89D13FE0-8194-4535-B77D-083DA938A1AF}.Release|Any CPU.ActiveCfg = Release|Any CPU
		{89D13FE0-8194-4535-B77D-083DA938A1AF}.Release|Any CPU.Build.0 = Release|Any CPU
		{89D13FE0-8194-4535-B77D-083DA938A1AF}.Release|Mixed Platforms.ActiveCfg = Release|Any CPU
		{89D13FE0-8194-4535-B77D-083DA938A1AF}.Release|Mixed Platforms.Build.0 = Release|Any CPU
		{89D13FE0-8194-4535-B77D-083DA938A1AF}.Release|Windows Phone.ActiveCfg = Release|Any CPU
		{89D13FE0-8194-4535-B77D-083DA938A1AF}.Release|x86.ActiveCfg = Release|Any CPU
		{89D13FE0-8194-4535-B77D-083DA938A1AF}.Release|Xbox 360.ActiveCfg = Release|Any CPU
	EndGlobalSection
	GlobalSection(SolutionProperties) = preSolution
		HideSolutionNode = FALSE
	EndGlobalSection
	GlobalSection(NestedProjects) = preSolution
		{150B5101-1046-43E9-9FD0-A2DDD33C352F} = {51639AEF-1947-441F-AF85-62E9FE1C5F63}
		{830B5721-1E84-4F33-BEAC-4B4D12E795E1} = {51639AEF-1947-441F-AF85-62E9FE1C5F63}
		{56FA6D49-E949-4A90-A5EA-ED48805CBA92} = {51639AEF-1947-441F-AF85-62E9FE1C5F63}
		{68EB6894-B0FF-4EF9-86C4-B68A4B2F36EE} = {51639AEF-1947-441F-AF85-62E9FE1C5F63}
		{D5F5E582-23DB-4A14-BAB7-33FAF6C45F8D} = {51639AEF-1947-441F-AF85-62E9FE1C5F63}
		{F287DE39-958B-4483-8823-2FAA8B26FFE7} = {51639AEF-1947-441F-AF85-62E9FE1C5F63}
		{89D13FE0-8194-4535-B77D-083DA938A1AF} = {51639AEF-1947-441F-AF85-62E9FE1C5F63}
	EndGlobalSection
	GlobalSection(TestCaseManagementSettings) = postSolution
		CategoryFile = Myre.vsmdi
	EndGlobalSection
	GlobalSection(CodealikeProperties) = postSolution
		SolutionGuid = baae5246-fe01-4f58-b258-9992ddf2bf95
	EndGlobalSection
	GlobalSection(SubversionScc) = preSolution
		Svn-Managed = True
		Manager = AnkhSVN - Subversion Support for Visual Studio
	EndGlobalSection
EndGlobal
